{
  "name": "entertainmentRecSystemMobile",
  "lockfileVersion": 3,
  "requires": true,
  "packages": {
    "": {
      "dependencies": {
        "@react-navigation/drawer": "^7.1.2",
        "react-hook-form": "^7.54.2"
      }
    },
    "node_modules/@react-navigation/drawer": {
      "version": "7.1.2",
      "resolved": "https://registry.npmjs.org/@react-navigation/drawer/-/drawer-7.1.2.tgz",
      "integrity": "sha512-EIlS5PPzVQ9WJ4xQZytAUTXiVbZcUYfPFlkaAWZHIl7O/suoJIpu52yXwjbjG0XhNu6Vup23W35HJWHxpgKQEQ==",
      "license": "MIT",
      "dependencies": {
        "@react-navigation/elements": "^2.2.6",
        "color": "^4.2.3",
        "react-native-drawer-layout": "^4.1.1",
        "use-latest-callback": "^0.2.1"
      },
      "peerDependencies": {
        "@react-navigation/native": "^7.0.15",
        "react": ">= 18.2.0",
        "react-native": "*",
        "react-native-gesture-handler": ">= 2.0.0",
        "react-native-reanimated": ">= 2.0.0",
        "react-native-safe-area-context": ">= 4.0.0",
        "react-native-screens": ">= 4.0.0"
      }
    },
    "node_modules/@react-navigation/elements": {
      "version": "2.2.6",
      "resolved": "https://registry.npmjs.org/@react-navigation/elements/-/elements-2.2.6.tgz",
      "integrity": "sha512-UPeaCcEDSDRaxjG+qEHbur6jmNW/f9QNCyPsUt6NMgPEdbB5Z8K8oSx2swIaiCnvUbs/K5G3MuWkqQxGj8QXXA==",
      "license": "MIT",
      "dependencies": {
        "color": "^4.2.3"
      },
      "peerDependencies": {
        "@react-native-masked-view/masked-view": ">= 0.2.0",
        "@react-navigation/native": "^7.0.15",
        "react": ">= 18.2.0",
        "react-native": "*",
        "react-native-safe-area-context": ">= 4.0.0"
      },
      "peerDependenciesMeta": {
        "@react-native-masked-view/masked-view": {
          "optional": true
        }
      }
    },
    "node_modules/color": {
      "version": "4.2.3",
      "resolved": "https://registry.npmjs.org/color/-/color-4.2.3.tgz",
      "integrity": "sha512-1rXeuUUiGGrykh+CeBdu5Ie7OJwinCgQY0bc7GCRxy5xVHy+moaqkpL/jqQq0MtQOeYcrqEz4abc5f0KtU7W4A==",
      "license": "MIT",
      "dependencies": {
        "color-convert": "^2.0.1",
        "color-string": "^1.9.0"
      },
      "engines": {
        "node": ">=12.5.0"
      }
    },
    "node_modules/color-convert": {
      "version": "2.0.1",
      "resolved": "https://registry.npmjs.org/color-convert/-/color-convert-2.0.1.tgz",
      "integrity": "sha512-RRECPsj7iu/xb5oKYcsFHSppFNnsj/52OVTRKb4zP5onXwVF3zVmmToNcOfGC+CRDpfK/U584fMg38ZHCaElKQ==",
      "license": "MIT",
      "dependencies": {
        "color-name": "~1.1.4"
      },
      "engines": {
        "node": ">=7.0.0"
      }
    },
    "node_modules/color-name": {
      "version": "1.1.4",
      "resolved": "https://registry.npmjs.org/color-name/-/color-name-1.1.4.tgz",
      "integrity": "sha512-dOy+3AuW3a2wNbZHIuMZpTcgjGuLU/uBL/ubcZF9OXbDo8ff4O8yVp5Bf0efS8uEoYo5q4Fx7dY9OgQGXgAsQA==",
      "license": "MIT"
    },
    "node_modules/color-string": {
      "version": "1.9.1",
      "resolved": "https://registry.npmjs.org/color-string/-/color-string-1.9.1.tgz",
      "integrity": "sha512-shrVawQFojnZv6xM40anx4CkoDP+fZsw/ZerEMsW/pyzsRbElpsL/DBVW7q3ExxwusdNXI3lXpuhEZkzs8p5Eg==",
      "license": "MIT",
      "dependencies": {
        "color-name": "^1.0.0",
        "simple-swizzle": "^0.2.2"
      }
    },
    "node_modules/react-hook-form": {
      "version": "7.54.2",
      "resolved": "https://registry.npmjs.org/react-hook-form/-/react-hook-form-7.54.2.tgz",
      "integrity": "sha512-eHpAUgUjWbZocoQYUHposymRb4ZP6d0uwUnooL2uOybA9/3tPUvoAKqEWK1WaSiTxxOfTpffNZP7QwlnM3/gEg==",
      "license": "MIT",
      "engines": {
        "node": ">=18.0.0"
      },
      "funding": {
        "type": "opencollective",
        "url": "https://opencollective.com/react-hook-form"
      },
      "peerDependencies": {
        "react": "^16.8.0 || ^17 || ^18 || ^19"
      }
    },
    "node_modules/react-native-drawer-layout": {
      "version": "4.1.1",
      "resolved": "https://registry.npmjs.org/react-native-drawer-layout/-/react-native-drawer-layout-4.1.1.tgz",
      "integrity": "sha512-ob6O3ph7PZ3A2FpdlsSxHuMpHDXREZPR8A6S3q0dSxV7i6d+8Z6CPCTbegfN2QZyizSow9NLrKyXP93tlqZ3dA==",
      "license": "MIT",
      "dependencies": {
        "use-latest-callback": "^0.2.1"
      },
      "peerDependencies": {
        "react": ">= 18.2.0",
        "react-native": "*",
        "react-native-gesture-handler": ">= 2.0.0",
        "react-native-reanimated": ">= 2.0.0"
      }
    },
    "node_modules/simple-swizzle": {
      "version": "0.2.2",
      "resolved": "https://registry.npmjs.org/simple-swizzle/-/simple-swizzle-0.2.2.tgz",
      "integrity": "sha512-JA//kQgZtbuY83m+xT+tXJkmJncGMTFT+C+g2h2R9uxkYIrE2yy9sgmcLhCnw57/WSD+Eh3J97FPEDFnbXnDUg==",
      "license": "MIT",
      "dependencies": {
        "is-arrayish": "^0.3.1"
      }
    },
    "node_modules/simple-swizzle/node_modules/is-arrayish": {
      "version": "0.3.2",
      "resolved": "https://registry.npmjs.org/is-arrayish/-/is-arrayish-0.3.2.tgz",
      "integrity": "sha512-eVRqCvVlZbuw3GrM63ovNSNAeA1K16kaR/LRY/92w0zxQ5/1YzwblUX652i4Xs9RwAGjW9d9y6X88t8OaAJfWQ==",
      "license": "MIT"
    },
    "node_modules/use-latest-callback": {
      "version": "0.2.3",
      "resolved": "https://registry.npmjs.org/use-latest-callback/-/use-latest-callback-0.2.3.tgz",
      "integrity": "sha512-7vI3fBuyRcP91pazVboc4qu+6ZqM8izPWX9k7cRnT8hbD5svslcknsh3S9BUhaK11OmgTV4oWZZVSeQAiV53SQ==",
      "license": "MIT",
      "peerDependencies": {
        "react": ">=16.8"
      }
    }
  }
}
